
Microsoft Visual Studio Solution File, Format Version 12.00
# Visual Studio 15
VisualStudioVersion = 15.0.26730.16
MinimumVisualStudioVersion = 10.0.40219.1
Project("{FAE04EC0-301F-11D3-BF4B-00C04F79EFBC}") = "ConsoleProofOfConcept", "ConsoleApp1\ConsoleProofOfConcept.csproj", "{D68EB84F-808D-42C8-9C9F-143313BE43EA}"
EndProject
Project("{FAE04EC0-301F-11D3-BF4B-00C04F79EFBC}") = "WPFBlutabnahme", "Blutabnahme\WPFBlutabnahme.csproj", "{07F97676-8E33-4E28-8C93-FE8D09173A4A}"
EndProject
Project("{FAE04EC0-301F-11D3-BF4B-00C04F79EFBC}") = "WPFGeburtstage", "Geburtstage\WPFGeburtstage.csproj", "{6CEC8937-4796-4AF2-93D3-8F8B03D3A814}"
EndProject
Global
	GlobalSection(SolutionConfigurationPlatforms) = preSolution
		Debug|Any CPU = Debug|Any CPU
		Release|Any CPU = Release|Any CPU
	EndGlobalSection
	GlobalSection(ProjectConfigurationPlatforms) = postSolution
		{D68EB84F-808D-42C8-9C9F-143313BE43EA}.Debug|Any CPU.ActiveCfg = Debug|Any CPU
		{D68EB84F-808D-42C8-9C9F-143313BE43EA}.Debug|Any CPU.Build.0 = Debug|Any CPU
		{D68EB84F-808D-42C8-9C9F-143313BE43EA}.Release|Any CPU.ActiveCfg = Release|Any CPU
		{D68EB84F-808D-42C8-9C9F-143313BE43EA}.Release|Any CPU.Build.0 = Release|Any CPU
		{07F97676-8E33-4E28-8C93-FE8D09173A4A}.Debug|Any CPU.ActiveCfg = Debug|Any CPU
		{07F97676-8E33-4E28-8C93-FE8D09173A4A}.Debug|Any CPU.Build.0 = Debug|Any CPU
		{07F97676-8E33-4E28-8C93-FE8D09173A4A}.Release|Any CPU.ActiveCfg = Release|Any CPU
		{07F97676-8E33-4E28-8C93-FE8D09173A4A}.Release|Any CPU.Build.0 = Release|Any CPU
		{6CEC8937-4796-4AF2-93D3-8F8B03D3A814}.Debug|Any CPU.ActiveCfg = Debug|Any CPU
		{6CEC8937-4796-4AF2-93D3-8F8B03D3A814}.Debug|Any CPU.Build.0 = Debug|Any CPU
		{6CEC8937-4796-4AF2-93D3-8F8B03D3A814}.Release|Any CPU.ActiveCfg = Release|Any CPU
		{6CEC8937-4796-4AF2-93D3-8F8B03D3A814}.Release|Any CPU.Build.0 = Release|Any CPU
	EndGlobalSection
	GlobalSection(SolutionProperties) = preSolution
		HideSolutionNode = FALSE
	EndGlobalSection
	GlobalSection(ExtensibilityGlobals) = postSolution
		SolutionGuid = {A02373D0-E895-470A-A5A6-50439D505BB8}
	EndGlobalSection
EndGlobal
